<?xml version="1.0" encoding="utf-8"?>
<Project ToolsVersion="4.0" xmlns="http://schemas.microsoft.com/developer/msbuild/2003">
  <ItemGroup>
    <Filter Include="Source Files">
      <UniqueIdentifier>{4FC737F1-C7A5-4376-A066-2A32D752A2FF}</UniqueIdentifier>
      <Extensions>cpp;c;cc;cxx;c++;cppm;ixx;def;odl;idl;hpj;bat;asm;asmx</Extensions>
    </Filter>
    <Filter Include="Header Files">
      <UniqueIdentifier>{93995380-89BD-4b04-88EB-625FBE52EBFB}</UniqueIdentifier>
      <Extensions>h;hh;hpp;hxx;h++;hm;inl;inc;ipp;xsd</Extensions>
    </Filter>
    <Filter Include="Resource Files">
      <UniqueIdentifier>{67DA6AB6-F800-4c08-8B7A-83BB121AAD01}</UniqueIdentifier>
      <Extensions>rc;ico;cur;bmp;dlg;rc2;rct;bin;rgs;gif;jpg;jpeg;jpe;resx;tiff;tif;png;wav;mfcribbon-ms</Extensions>
    </Filter>
  </ItemGroup>
  <ItemGroup>
    <None Include="asm\Pogosort.def">
      <Filter>Source Files</Filter>
    </None>
  </ItemGroup>
  <ItemGroup>
    <ClCompile Include="c\sources\DataGeneration.c">
      <Filter>Source Files</Filter>
    </ClCompile>
    <ClCompile Include="c\sources\main.c">
      <Filter>Source Files</Filter>
    </ClCompile>
    <ClCompile Include="c\sources\PrintArray.c">
      <Filter>Source Files</Filter>
    </ClCompile>
    <ClCompile Include="c\sources\IsSorted.c">
      <Filter>Source Files</Filter>
    </ClCompile>
    <ClCompile Include="c\sources\Benchmarks.c">
      <Filter>Source Files</Filter>
    </ClCompile>
  </ItemGroup>
  <ItemGroup>
    <ClInclude Include="c\headers\DataGeneration.h">
      <Filter>Header Files</Filter>
    </ClInclude>
    <ClInclude Include="c\headers\extern.h">
      <Filter>Header Files</Filter>
    </ClInclude>
    <ClInclude Include="c\headers\PrintArray.h">
      <Filter>Header Files</Filter>
    </ClInclude>
    <ClInclude Include="c\headers\IsSorted.h">
      <Filter>Header Files</Filter>
    </ClInclude>
    <ClInclude Include="c\headers\Benchmarks.h">
      <Filter>Header Files</Filter>
    </ClInclude>
  </ItemGroup>
  <ItemGroup>
    <MASM Include="asm\Pogosort.asm">
      <Filter>Source Files</Filter>
    </MASM>
  </ItemGroup>
</Project>